
Microsoft Visual Studio Solution File, Format Version 12.00
# Visual Studio Version 17
VisualStudioVersion = 17.9.34622.214
MinimumVisualStudioVersion = 10.0.40219.1
Project("{FAE04EC0-301F-11D3-BF4B-00C04F79EFBC}") = "Task-3", "Task-3\Task-3.csproj", "{F17E70A5-2241-4CCB-81B4-D5CD0C5909BE}"
EndProject
Global
	GlobalSection(SolutionConfigurationPlatforms) = preSolution
		Debug|Any CPU = Debug|Any CPU
		Release|Any CPU = Release|Any CPU
	EndGlobalSection
	GlobalSection(ProjectConfigurationPlatforms) = postSolution
		{F17E70A5-2241-4CCB-81B4-D5CD0C5909BE}.Debug|Any CPU.ActiveCfg = Debug|Any CPU
		{F17E70A5-2241-4CCB-81B4-D5CD0C5909BE}.Debug|Any CPU.Build.0 = Debug|Any CPU
		{F17E70A5-2241-4CCB-81B4-D5CD0C5909BE}.Release|Any CPU.ActiveCfg = Release|Any CPU
		{F17E70A5-2241-4CCB-81B4-D5CD0C5909BE}.Release|Any CPU.Build.0 = Release|Any CPU
	EndGlobalSection
	GlobalSection(SolutionProperties) = preSolution
		HideSolutionNode = FALSE
	EndGlobalSection
	GlobalSection(ExtensibilityGlobals) = postSolution
		SolutionGuid = {51C63EA0-CA1F-4DBB-892E-C467E7585E44}
	EndGlobalSection
EndGlobal
